
Microsoft Visual Studio Solution File, Format Version 12.00
# Visual Studio Version 17
VisualStudioVersion = 17.14.36518.9 d17.14
MinimumVisualStudioVersion = 10.0.40219.1
Project("{FAE04EC0-301F-11D3-BF4B-00C04F79EFBC}") = "Formularz", "Formularz.csproj", "{1C8F3F90-3928-48A7-AC42-8F239B6C000C}"
EndProject
Global
	GlobalSection(SolutionConfigurationPlatforms) = preSolution
		Debug|Any CPU = Debug|Any CPU
		Release|Any CPU = Release|Any CPU
	EndGlobalSection
	GlobalSection(ProjectConfigurationPlatforms) = postSolution
		{1C8F3F90-3928-48A7-AC42-8F239B6C000C}.Debug|Any CPU.ActiveCfg = Debug|Any CPU
		{1C8F3F90-3928-48A7-AC42-8F239B6C000C}.Debug|Any CPU.Build.0 = Debug|Any CPU
		{1C8F3F90-3928-48A7-AC42-8F239B6C000C}.Release|Any CPU.ActiveCfg = Release|Any CPU
		{1C8F3F90-3928-48A7-AC42-8F239B6C000C}.Release|Any CPU.Build.0 = Release|Any CPU
	EndGlobalSection
	GlobalSection(SolutionProperties) = preSolution
		HideSolutionNode = FALSE
	EndGlobalSection
	GlobalSection(ExtensibilityGlobals) = postSolution
		SolutionGuid = {B5A7171D-0019-4796-9502-384505EFA39E}
	EndGlobalSection
EndGlobal
